
Microsoft Visual Studio Solution File, Format Version 12.00
# Visual Studio 14
VisualStudioVersion = 14.0.25420.1
MinimumVisualStudioVersion = 10.0.40219.1
Project("{FAE04EC0-301F-11D3-BF4B-00C04F79EFBC}") = "ProjectLibrary", "CSharpAssignment2\ProjectLibrary.csproj", "{B4F2F479-7455-415C-AD5E-71DA4C61AD4F}"
EndProject
Project("{FAE04EC0-301F-11D3-BF4B-00C04F79EFBC}") = "GUIProject", "GUIProject\GUIProject.csproj", "{BFBAE33D-2112-47C2-A557-ECB0189628BD}"
EndProject
Project("{2150E333-8FDC-42A3-9474-1A3956D46DE8}") = "Solution Items", "Solution Items", "{64959455-E4BD-4CFA-A077-32B9D5EDF285}"
	ProjectSection(SolutionItems) = preProject
		readme.md = readme.md
	EndProjectSection
EndProject
Project("{FAE04EC0-301F-11D3-BF4B-00C04F79EFBC}") = "UnitTestLibrary", "UnitTestLibrary\UnitTestLibrary.csproj", "{B687285B-17EF-4E6C-9980-CBB6AFBFCD49}"
EndProject
Global
	GlobalSection(SolutionConfigurationPlatforms) = preSolution
		Debug|Any CPU = Debug|Any CPU
		Debug|ARM = Debug|ARM
		Debug|x64 = Debug|x64
		Debug|x86 = Debug|x86
		Release|Any CPU = Release|Any CPU
		Release|ARM = Release|ARM
		Release|x64 = Release|x64
		Release|x86 = Release|x86
	EndGlobalSection
	GlobalSection(ProjectConfigurationPlatforms) = postSolution
		{B4F2F479-7455-415C-AD5E-71DA4C61AD4F}.Debug|Any CPU.ActiveCfg = Debug|Any CPU
		{B4F2F479-7455-415C-AD5E-71DA4C61AD4F}.Debug|Any CPU.Build.0 = Debug|Any CPU
		{B4F2F479-7455-415C-AD5E-71DA4C61AD4F}.Debug|Any CPU.Deploy.0 = Debug|Any CPU
		{B4F2F479-7455-415C-AD5E-71DA4C61AD4F}.Debug|ARM.ActiveCfg = Debug|ARM
		{B4F2F479-7455-415C-AD5E-71DA4C61AD4F}.Debug|ARM.Build.0 = Debug|ARM
		{B4F2F479-7455-415C-AD5E-71DA4C61AD4F}.Debug|x64.ActiveCfg = Debug|x64
		{B4F2F479-7455-415C-AD5E-71DA4C61AD4F}.Debug|x64.Build.0 = Debug|x64
		{B4F2F479-7455-415C-AD5E-71DA4C61AD4F}.Debug|x86.ActiveCfg = Debug|x86
		{B4F2F479-7455-415C-AD5E-71DA4C61AD4F}.Debug|x86.Build.0 = Debug|x86
		{B4F2F479-7455-415C-AD5E-71DA4C61AD4F}.Release|Any CPU.ActiveCfg = Release|Any CPU
		{B4F2F479-7455-415C-AD5E-71DA4C61AD4F}.Release|Any CPU.Build.0 = Release|Any CPU
		{B4F2F479-7455-415C-AD5E-71DA4C61AD4F}.Release|ARM.ActiveCfg = Release|ARM
		{B4F2F479-7455-415C-AD5E-71DA4C61AD4F}.Release|ARM.Build.0 = Release|ARM
		{B4F2F479-7455-415C-AD5E-71DA4C61AD4F}.Release|x64.ActiveCfg = Release|x64
		{B4F2F479-7455-415C-AD5E-71DA4C61AD4F}.Release|x64.Build.0 = Release|x64
		{B4F2F479-7455-415C-AD5E-71DA4C61AD4F}.Release|x86.ActiveCfg = Release|x86
		{B4F2F479-7455-415C-AD5E-71DA4C61AD4F}.Release|x86.Build.0 = Release|x86
		{BFBAE33D-2112-47C2-A557-ECB0189628BD}.Debug|Any CPU.ActiveCfg = Debug|x86
		{BFBAE33D-2112-47C2-A557-ECB0189628BD}.Debug|Any CPU.Build.0 = Debug|x86
		{BFBAE33D-2112-47C2-A557-ECB0189628BD}.Debug|Any CPU.Deploy.0 = Debug|x86
		{BFBAE33D-2112-47C2-A557-ECB0189628BD}.Debug|ARM.ActiveCfg = Debug|ARM
		{BFBAE33D-2112-47C2-A557-ECB0189628BD}.Debug|ARM.Build.0 = Debug|ARM
		{BFBAE33D-2112-47C2-A557-ECB0189628BD}.Debug|ARM.Deploy.0 = Debug|ARM
		{BFBAE33D-2112-47C2-A557-ECB0189628BD}.Debug|x64.ActiveCfg = Debug|x64
		{BFBAE33D-2112-47C2-A557-ECB0189628BD}.Debug|x64.Build.0 = Debug|x64
		{BFBAE33D-2112-47C2-A557-ECB0189628BD}.Debug|x64.Deploy.0 = Debug|x64
		{BFBAE33D-2112-47C2-A557-ECB0189628BD}.Debug|x86.ActiveCfg = Debug|x86
		{BFBAE33D-2112-47C2-A557-ECB0189628BD}.Debug|x86.Build.0 = Debug|x86
		{BFBAE33D-2112-47C2-A557-ECB0189628BD}.Debug|x86.Deploy.0 = Debug|x86
		{BFBAE33D-2112-47C2-A557-ECB0189628BD}.Release|Any CPU.ActiveCfg = Release|x86
		{BFBAE33D-2112-47C2-A557-ECB0189628BD}.Release|ARM.ActiveCfg = Release|ARM
		{BFBAE33D-2112-47C2-A557-ECB0189628BD}.Release|ARM.Build.0 = Release|ARM
		{BFBAE33D-2112-47C2-A557-ECB0189628BD}.Release|ARM.Deploy.0 = Release|ARM
		{BFBAE33D-2112-47C2-A557-ECB0189628BD}.Release|x64.ActiveCfg = Release|x64
		{BFBAE33D-2112-47C2-A557-ECB0189628BD}.Release|x64.Build.0 = Release|x64
		{BFBAE33D-2112-47C2-A557-ECB0189628BD}.Release|x64.Deploy.0 = Release|x64
		{BFBAE33D-2112-47C2-A557-ECB0189628BD}.Release|x86.ActiveCfg = Release|x86
		{BFBAE33D-2112-47C2-A557-ECB0189628BD}.Release|x86.Build.0 = Release|x86
		{BFBAE33D-2112-47C2-A557-ECB0189628BD}.Release|x86.Deploy.0 = Release|x86
		{B687285B-17EF-4E6C-9980-CBB6AFBFCD49}.Debug|Any CPU.ActiveCfg = Debug|x86
		{B687285B-17EF-4E6C-9980-CBB6AFBFCD49}.Debug|ARM.ActiveCfg = Debug|ARM
		{B687285B-17EF-4E6C-9980-CBB6AFBFCD49}.Debug|ARM.Build.0 = Debug|ARM
		{B687285B-17EF-4E6C-9980-CBB6AFBFCD49}.Debug|ARM.Deploy.0 = Debug|ARM
		{B687285B-17EF-4E6C-9980-CBB6AFBFCD49}.Debug|x64.ActiveCfg = Debug|x64
		{B687285B-17EF-4E6C-9980-CBB6AFBFCD49}.Debug|x64.Build.0 = Debug|x64
		{B687285B-17EF-4E6C-9980-CBB6AFBFCD49}.Debug|x64.Deploy.0 = Debug|x64
		{B687285B-17EF-4E6C-9980-CBB6AFBFCD49}.Debug|x86.ActiveCfg = Debug|x86
		{B687285B-17EF-4E6C-9980-CBB6AFBFCD49}.Debug|x86.Build.0 = Debug|x86
		{B687285B-17EF-4E6C-9980-CBB6AFBFCD49}.Debug|x86.Deploy.0 = Debug|x86
		{B687285B-17EF-4E6C-9980-CBB6AFBFCD49}.Release|Any CPU.ActiveCfg = Release|x86
		{B687285B-17EF-4E6C-9980-CBB6AFBFCD49}.Release|ARM.ActiveCfg = Release|ARM
		{B687285B-17EF-4E6C-9980-CBB6AFBFCD49}.Release|ARM.Build.0 = Release|ARM
		{B687285B-17EF-4E6C-9980-CBB6AFBFCD49}.Release|ARM.Deploy.0 = Release|ARM
		{B687285B-17EF-4E6C-9980-CBB6AFBFCD49}.Release|x64.ActiveCfg = Release|x64
		{B687285B-17EF-4E6C-9980-CBB6AFBFCD49}.Release|x64.Build.0 = Release|x64
		{B687285B-17EF-4E6C-9980-CBB6AFBFCD49}.Release|x64.Deploy.0 = Release|x64
		{B687285B-17EF-4E6C-9980-CBB6AFBFCD49}.Release|x86.ActiveCfg = Release|x86
		{B687285B-17EF-4E6C-9980-CBB6AFBFCD49}.Release|x86.Build.0 = Release|x86
		{B687285B-17EF-4E6C-9980-CBB6AFBFCD49}.Release|x86.Deploy.0 = Release|x86
	EndGlobalSection
	GlobalSection(SolutionProperties) = preSolution
		HideSolutionNode = FALSE
	EndGlobalSection
EndGlobal
